
Microsoft Visual Studio Solution File, Format Version 12.00
# Visual Studio 15
VisualStudioVersion = 15.0.27428.2037
MinimumVisualStudioVersion = 10.0.40219.1
Project("{FAE04EC0-301F-11D3-BF4B-00C04F79EFBC}") = "Estacionamento", "Estacionamento\Estacionamento.csproj", "{38D4FDBC-B50B-4986-8B08-5EF46AA93AFC}"
EndProject
Global
	GlobalSection(SolutionConfigurationPlatforms) = preSolution
		Debug|Any CPU = Debug|Any CPU
		Release|Any CPU = Release|Any CPU
	EndGlobalSection
	GlobalSection(ProjectConfigurationPlatforms) = postSolution
		{38D4FDBC-B50B-4986-8B08-5EF46AA93AFC}.Debug|Any CPU.ActiveCfg = Debug|Any CPU
		{38D4FDBC-B50B-4986-8B08-5EF46AA93AFC}.Debug|Any CPU.Build.0 = Debug|Any CPU
		{38D4FDBC-B50B-4986-8B08-5EF46AA93AFC}.Release|Any CPU.ActiveCfg = Release|Any CPU
		{38D4FDBC-B50B-4986-8B08-5EF46AA93AFC}.Release|Any CPU.Build.0 = Release|Any CPU
	EndGlobalSection
	GlobalSection(SolutionProperties) = preSolution
		HideSolutionNode = FALSE
	EndGlobalSection
	GlobalSection(ExtensibilityGlobals) = postSolution
		SolutionGuid = {097C838B-273F-4463-8124-918EDE8A6E69}
	EndGlobalSection
EndGlobal
